
Microsoft Visual Studio Solution File, Format Version 12.00
# Visual Studio 15
VisualStudioVersion = 15.0.26430.16
MinimumVisualStudioVersion = 10.0.40219.1
Project("{FAE04EC0-301F-11D3-BF4B-00C04F79EFBC}") = "1_Testsuly_tablazat", "1_Testsuly_tablazat\1_Testsuly_tablazat.csproj", "{23706E2A-6121-4E60-9B31-6852BECE1691}"
EndProject
Project("{FAE04EC0-301F-11D3-BF4B-00C04F79EFBC}") = "2_Konyv_enummal", "2_Konyv_enummal\2_Konyv_enummal.csproj", "{AA84E259-A589-4813-8DE9-E68AD1AC0267}"
EndProject
Project("{FAE04EC0-301F-11D3-BF4B-00C04F79EFBC}") = "3_Haj_es_szem_enummal", "3_Haj_es_szem_enummal\3_Haj_es_szem_enummal.csproj", "{2A63CE39-684C-4C22-BEA7-BE1E20B1BB19}"
EndProject
Global
	GlobalSection(SolutionConfigurationPlatforms) = preSolution
		Debug|Any CPU = Debug|Any CPU
		Release|Any CPU = Release|Any CPU
	EndGlobalSection
	GlobalSection(ProjectConfigurationPlatforms) = postSolution
		{23706E2A-6121-4E60-9B31-6852BECE1691}.Debug|Any CPU.ActiveCfg = Debug|Any CPU
		{23706E2A-6121-4E60-9B31-6852BECE1691}.Debug|Any CPU.Build.0 = Debug|Any CPU
		{23706E2A-6121-4E60-9B31-6852BECE1691}.Release|Any CPU.ActiveCfg = Release|Any CPU
		{23706E2A-6121-4E60-9B31-6852BECE1691}.Release|Any CPU.Build.0 = Release|Any CPU
		{AA84E259-A589-4813-8DE9-E68AD1AC0267}.Debug|Any CPU.ActiveCfg = Debug|Any CPU
		{AA84E259-A589-4813-8DE9-E68AD1AC0267}.Debug|Any CPU.Build.0 = Debug|Any CPU
		{AA84E259-A589-4813-8DE9-E68AD1AC0267}.Release|Any CPU.ActiveCfg = Release|Any CPU
		{AA84E259-A589-4813-8DE9-E68AD1AC0267}.Release|Any CPU.Build.0 = Release|Any CPU
		{2A63CE39-684C-4C22-BEA7-BE1E20B1BB19}.Debug|Any CPU.ActiveCfg = Debug|Any CPU
		{2A63CE39-684C-4C22-BEA7-BE1E20B1BB19}.Debug|Any CPU.Build.0 = Debug|Any CPU
		{2A63CE39-684C-4C22-BEA7-BE1E20B1BB19}.Release|Any CPU.ActiveCfg = Release|Any CPU
		{2A63CE39-684C-4C22-BEA7-BE1E20B1BB19}.Release|Any CPU.Build.0 = Release|Any CPU
	EndGlobalSection
	GlobalSection(SolutionProperties) = preSolution
		HideSolutionNode = FALSE
	EndGlobalSection
EndGlobal
