
Microsoft Visual Studio Solution File, Format Version 12.00
# Visual Studio 15
VisualStudioVersion = 15.0.26430.16
MinimumVisualStudioVersion = 10.0.40219.1
Project("{FAE04EC0-301F-11D3-BF4B-00C04F79EFBC}") = "1_Teszteles", "1_Teszteles\1_Teszteles.csproj", "{5637706E-8837-491D-B51E-24634F9CDDF6}"
EndProject
Project("{FAE04EC0-301F-11D3-BF4B-00C04F79EFBC}") = "2_UnitTest", "1_TesztelesTests\2_UnitTest.csproj", "{8C293768-40C0-4D2F-9F72-6589EC85804C}"
EndProject
Global
	GlobalSection(SolutionConfigurationPlatforms) = preSolution
		Debug|Any CPU = Debug|Any CPU
		Release|Any CPU = Release|Any CPU
	EndGlobalSection
	GlobalSection(ProjectConfigurationPlatforms) = postSolution
		{5637706E-8837-491D-B51E-24634F9CDDF6}.Debug|Any CPU.ActiveCfg = Debug|Any CPU
		{5637706E-8837-491D-B51E-24634F9CDDF6}.Debug|Any CPU.Build.0 = Debug|Any CPU
		{5637706E-8837-491D-B51E-24634F9CDDF6}.Release|Any CPU.ActiveCfg = Release|Any CPU
		{5637706E-8837-491D-B51E-24634F9CDDF6}.Release|Any CPU.Build.0 = Release|Any CPU
		{8C293768-40C0-4D2F-9F72-6589EC85804C}.Debug|Any CPU.ActiveCfg = Debug|Any CPU
		{8C293768-40C0-4D2F-9F72-6589EC85804C}.Debug|Any CPU.Build.0 = Debug|Any CPU
		{8C293768-40C0-4D2F-9F72-6589EC85804C}.Release|Any CPU.ActiveCfg = Release|Any CPU
		{8C293768-40C0-4D2F-9F72-6589EC85804C}.Release|Any CPU.Build.0 = Release|Any CPU
	EndGlobalSection
	GlobalSection(SolutionProperties) = preSolution
		HideSolutionNode = FALSE
	EndGlobalSection
EndGlobal
