
Microsoft Visual Studio Solution File, Format Version 12.00
# Visual Studio 15
VisualStudioVersion = 15.0.26430.16
MinimumVisualStudioVersion = 10.0.40219.1
Project("{FAE04EC0-301F-11D3-BF4B-00C04F79EFBC}") = "1_Concurrent_Dictionary", "1_Concurrent_Dictionary\1_Concurrent_Dictionary.csproj", "{7A04BABF-786F-4CB2-BB3B-F295D4B7130B}"
EndProject
Project("{FAE04EC0-301F-11D3-BF4B-00C04F79EFBC}") = "2_ConcurrentStack", "2_ConcurrentStack\2_ConcurrentStack.csproj", "{BB9DD7B2-087D-4EED-ABEF-B703D0386962}"
EndProject
Project("{FAE04EC0-301F-11D3-BF4B-00C04F79EFBC}") = "3_ConcurrentQueue", "3_ConcurrentQueue\3_ConcurrentQueue.csproj", "{456DAEDC-9DA7-4BC6-9B8E-F6729332DD30}"
EndProject
Project("{FAE04EC0-301F-11D3-BF4B-00C04F79EFBC}") = "4_ConcurrentBag", "4_ConcurrentBag\4_ConcurrentBag.csproj", "{422BFAF9-0A80-4382-977A-7BEF30B0B2EF}"
EndProject
Project("{FAE04EC0-301F-11D3-BF4B-00C04F79EFBC}") = "5_BlockingCollection", "5_BlockingCollection\5_BlockingCollection.csproj", "{075A67EC-0910-40BC-9AE1-924C3428E068}"
EndProject
Global
	GlobalSection(SolutionConfigurationPlatforms) = preSolution
		Debug|Any CPU = Debug|Any CPU
		Release|Any CPU = Release|Any CPU
	EndGlobalSection
	GlobalSection(ProjectConfigurationPlatforms) = postSolution
		{7A04BABF-786F-4CB2-BB3B-F295D4B7130B}.Debug|Any CPU.ActiveCfg = Debug|Any CPU
		{7A04BABF-786F-4CB2-BB3B-F295D4B7130B}.Debug|Any CPU.Build.0 = Debug|Any CPU
		{7A04BABF-786F-4CB2-BB3B-F295D4B7130B}.Release|Any CPU.ActiveCfg = Release|Any CPU
		{7A04BABF-786F-4CB2-BB3B-F295D4B7130B}.Release|Any CPU.Build.0 = Release|Any CPU
		{BB9DD7B2-087D-4EED-ABEF-B703D0386962}.Debug|Any CPU.ActiveCfg = Debug|Any CPU
		{BB9DD7B2-087D-4EED-ABEF-B703D0386962}.Debug|Any CPU.Build.0 = Debug|Any CPU
		{BB9DD7B2-087D-4EED-ABEF-B703D0386962}.Release|Any CPU.ActiveCfg = Release|Any CPU
		{BB9DD7B2-087D-4EED-ABEF-B703D0386962}.Release|Any CPU.Build.0 = Release|Any CPU
		{456DAEDC-9DA7-4BC6-9B8E-F6729332DD30}.Debug|Any CPU.ActiveCfg = Debug|Any CPU
		{456DAEDC-9DA7-4BC6-9B8E-F6729332DD30}.Debug|Any CPU.Build.0 = Debug|Any CPU
		{456DAEDC-9DA7-4BC6-9B8E-F6729332DD30}.Release|Any CPU.ActiveCfg = Release|Any CPU
		{456DAEDC-9DA7-4BC6-9B8E-F6729332DD30}.Release|Any CPU.Build.0 = Release|Any CPU
		{422BFAF9-0A80-4382-977A-7BEF30B0B2EF}.Debug|Any CPU.ActiveCfg = Debug|Any CPU
		{422BFAF9-0A80-4382-977A-7BEF30B0B2EF}.Debug|Any CPU.Build.0 = Debug|Any CPU
		{422BFAF9-0A80-4382-977A-7BEF30B0B2EF}.Release|Any CPU.ActiveCfg = Release|Any CPU
		{422BFAF9-0A80-4382-977A-7BEF30B0B2EF}.Release|Any CPU.Build.0 = Release|Any CPU
		{075A67EC-0910-40BC-9AE1-924C3428E068}.Debug|Any CPU.ActiveCfg = Debug|Any CPU
		{075A67EC-0910-40BC-9AE1-924C3428E068}.Debug|Any CPU.Build.0 = Debug|Any CPU
		{075A67EC-0910-40BC-9AE1-924C3428E068}.Release|Any CPU.ActiveCfg = Release|Any CPU
		{075A67EC-0910-40BC-9AE1-924C3428E068}.Release|Any CPU.Build.0 = Release|Any CPU
	EndGlobalSection
	GlobalSection(SolutionProperties) = preSolution
		HideSolutionNode = FALSE
	EndGlobalSection
	GlobalSection(ExtensibilityGlobals) = postSolution
		SolutionGuid = {1CB09D92-F72C-49C0-9D9E-7CEC5CFA3F50}
	EndGlobalSection
EndGlobal
