
Microsoft Visual Studio Solution File, Format Version 12.00
# Visual Studio 15
VisualStudioVersion = 15.0.26430.16
MinimumVisualStudioVersion = 10.0.40219.1
Project("{FAE04EC0-301F-11D3-BF4B-00C04F79EFBC}") = "1_Trace", "1_Trace\1_Trace.csproj", "{D5D9277B-B30D-4A7B-945E-CDB5BF82785C}"
EndProject
Project("{FAE04EC0-301F-11D3-BF4B-00C04F79EFBC}") = "2_Kiterjesztett_metodus", "2_Kiterjesztett_metodus\2_Kiterjesztett_metodus.csproj", "{92A24343-917F-4D53-88BA-0716FC2FB87B}"
EndProject
Global
	GlobalSection(SolutionConfigurationPlatforms) = preSolution
		Debug|Any CPU = Debug|Any CPU
		Release|Any CPU = Release|Any CPU
	EndGlobalSection
	GlobalSection(ProjectConfigurationPlatforms) = postSolution
		{D5D9277B-B30D-4A7B-945E-CDB5BF82785C}.Debug|Any CPU.ActiveCfg = Debug|Any CPU
		{D5D9277B-B30D-4A7B-945E-CDB5BF82785C}.Debug|Any CPU.Build.0 = Debug|Any CPU
		{D5D9277B-B30D-4A7B-945E-CDB5BF82785C}.Release|Any CPU.ActiveCfg = Release|Any CPU
		{D5D9277B-B30D-4A7B-945E-CDB5BF82785C}.Release|Any CPU.Build.0 = Release|Any CPU
		{92A24343-917F-4D53-88BA-0716FC2FB87B}.Debug|Any CPU.ActiveCfg = Debug|Any CPU
		{92A24343-917F-4D53-88BA-0716FC2FB87B}.Debug|Any CPU.Build.0 = Debug|Any CPU
		{92A24343-917F-4D53-88BA-0716FC2FB87B}.Release|Any CPU.ActiveCfg = Release|Any CPU
		{92A24343-917F-4D53-88BA-0716FC2FB87B}.Release|Any CPU.Build.0 = Release|Any CPU
	EndGlobalSection
	GlobalSection(SolutionProperties) = preSolution
		HideSolutionNode = FALSE
	EndGlobalSection
EndGlobal
